github.com/MobRulesGames/GoLLRB v0.0.0-20121115013357-10dddd6fc70e h1:4XpSQUQZcCSogCXNTsAy8OzVxOoFYWWz6Ab1nixnL9U=
github.com/MobRulesGames/GoLLRB v0.0.0-20121115013357-10dddd6fc70e/go.mod h1:AGsFtjlVF1dLxRwVFDIkAP/vcRiPfD9eNuSWZGJQsAY=
github.com/MobRulesGames/fmod v0.0.0-20121207023041-90f897047d59 h1:liMev5j3+XXrPwj4Cw47bHvUFDvwLB7C5AuFv+mR2Io=
github.com/MobRulesGames/fmod v0.0.0-20121207023041-90f897047d59/go.mod h1:6X6o4I+6yNjDUZpbmGIK94Ia6BCrRkxCK/No4CaifWw=
github.com/MobRulesGames/fsnotify v0.0.0-20121110053322-1b2bc1227408 h1:wdcx9XfxtL1WHzALG+Iht+wvWpMT8zH551YykTGIxVg=
github.com/MobRulesGames/fsnotify v0.0.0-20121110053322-1b2bc1227408/go.mod h1:OEDqSJUPW/UJ6q25GvbR9CiCUNEutiy1VyBd2GbsTxY=
github.com/MobRulesGames/memory v0.0.0-20120626004817-db5bb35fd894 h1:26ZCnKDg9vNxiOK0VZ/tN2tg34DfrhKB0Xg5jUWkO8A=
github.com/MobRulesGames/memory v0.0.0-20120626004817-db5bb35fd894/go.mod h1:w5jrl1aXV+AZaP1ye7wO8xB3ne7U2CkweE0atB7FPwk=
github.com/caffeine-storm/gl v0.0.0-20240909160157-d1b38f2deb16 h1:lHq5YECDcjZKieQW2YWLh8AjJ9Gs/2jIiXcJjbsJGqU=
github.com/caffeine-storm/gl v0.0.0-20240909160157-d1b38f2deb16/go.mod h1:5WNXbhdBMLerIscVkSVTRwGcsRywYKYHRKFEBZOUBEA=
github.com/caffeine-storm/glop v0.0.0-20250312154507-fd675e70c890 h1:plYJjTCaJag8ADNsxPHGcv45shmLAzw5SE9I78MpESw=
github.com/caffeine-storm/glop v0.0.0-20250312154507-fd675e70c890/go.mod h1:iww4TfBWgEUIoJmSA0BjBEuZ6GMHvGgi5Y/iIA2GxDU=
github.com/caffeine-storm/glu v0.0.0-20240828152149-38a5ac65629c h1:KqJxBrec/mnKQ+QgBu3/iJvaiurKpNDsXLrrXSau73U=
github.com/caffeine-storm/glu v0.0.0-20240828152149-38a5ac65629c/go.mod h1:ntYmIr0ULu7QxKlmOE6cC87X4pWDG8jO/wSUBn2ZzJY=
github.com/caffeine-storm/golua v0.0.0-20240910150920-bb0104c032e4 h1:zTOKTYGNmZCZVDgvjsTEXhaFIcTWiccPHKBFaWQzo80=
github.com/caffeine-storm/golua v0.0.0-20240910150920-bb0104c032e4/go.mod h1:W2FXrOPfx0i3wMe8N+ExY0xSvdN/VcY2/SmVHKMloqA=
github.com/caffeine-storm/mathgl v0.0.0-20250304142043-9a68bb7bb47a h1:lue1B3UPQUKws55YJJPwQvMN3HYGeqawlQ7EAtRymVc=
github.com/caffeine-storm/mathgl v0.0.0-20250304142043-9a68bb7bb47a/go.mod h1:JlFSX0xZ9cH22/kshJBkZR2+vbnASPDP0tvRnvKh64c=
github.com/creack/pty v1.1.9/go.mod h1:oKZEueFk5CKHvIhNR5MUki03XCEU+Q6VDXinZuGJ33E=
github.com/davecgh/go-spew v1.1.1 h1:vj9j/u1bqnvCEfJOwUhtlOARqs3+rkHYY13jYWTU97c=
github.com/davecgh/go-spew v1.1.1/go.mod h1:J7Y8YcW2NihsgmVo/mv3lAwl/skON4iLHjSsI+c5H38=
github.com/golang/freetype v0.0.0-20120725121025-28cc5fbc5d0b h1:Wz3T/RQZq290dBxQ5Iu2Ot5KIyMWkSJWWp2NMvV7OYE=
github.com/golang/freetype v0.0.0-20120725121025-28cc5fbc5d0b/go.mod h1:E/TSTwGwJL78qG/PmXZO1EjYhfJinVAhrmmHX6Z8B9k=
github.com/gopherjs/gopherjs v1.17.2 h1:fQnZVsXk8uxXIStYb0N4bGk7jeyTalG/wsZjQ25dO0g=
github.com/gopherjs/gopherjs v1.17.2/go.mod h1:pRRIvn/QzFLrKfvEz3qUuEhtE/zLCWfreZ6J5gM2i+k=
github.com/howeyc/fsnotify v0.9.0 h1:0gtV5JmOKH4A8SsFxG2BczSeXWWPvcMT0euZt5gDAxY=
github.com/howeyc/fsnotify v0.9.0/go.mod h1:41HzSPxBGeFRQKEEwgh49TRw/nKBsYZ2cF1OzPjSJsA=
github.com/jtolds/gls v4.20.0+incompatible h1:xdiiI2gbIgH/gLH7ADydsJ1uDOEzR8yvV7C0MuV77Wo=
github.com/jtolds/gls v4.20.0+incompatible/go.mod h1:QJZ7F/aHp+rZTRtaJ1ow/lLfFfVYBRgL+9YlvaHOwJU=
github.com/kr/pretty v0.1.0 h1:L/CwN0zerZDmRFUapSPitk6f+Q3+0za1rQkzVuMiMFI=
github.com/kr/pretty v0.1.0/go.mod h1:dAy3ld7l9f0ibDNOQOHHMYYIIbhfbHSm3C4ZsoJORNo=
github.com/kr/text v0.2.0 h1:5Nx0Ya0ZqY2ygV366QzturHI13Jq95ApcVaJBhpS+AY=
github.com/kr/text v0.2.0/go.mod h1:eLer722TekiGuMkidMxC/pM04lWEeraHUUmBw8l2grE=
github.com/orfjackal/gospec v0.0.0-20140731185859-a21081619255 h1:ijtHD/28+EHo0NH8Ev8Y1TGiZdyLKbDaT4Jo9p0IufM=
github.com/orfjackal/gospec v0.0.0-20140731185859-a21081619255/go.mod h1:s9jdgxV9J9CqMIKkedEWkAI6u7WsfJRXokgrzVfK39Q=
github.com/pmezard/go-difflib v1.0.0 h1:4DBwDE0NGyQoBHbLQYPwSUPoCMWR5BEzIk/f1lZbAQM=
github.com/pmezard/go-difflib v1.0.0/go.mod h1:iKH77koFhYxTK1pcRnkKkqfTogsbg7gZNVY4sRDYZ/4=
github.com/runningwild/yedparse v0.0.0-20120306014153-f7df1db2f9d9 h1:aSky3KZJsEt7N0/MEJJ8Sz1ytHoSLnxld3G8c2xfQ5Q=
github.com/runningwild/yedparse v0.0.0-20120306014153-f7df1db2f9d9/go.mod h1:45ANiHU8dW6oYKaeXXnhuCYG/vjboJhTYtTmUXC91Z8=
github.com/smarty/assertions v1.15.0 h1:cR//PqUBUiQRakZWqBiFFQ9wb8emQGDb0HeGdqGByCY=
github.com/smarty/assertions v1.15.0/go.mod h1:yABtdzeQs6l1brC900WlRNwj6ZR55d7B+E8C6HtKdec=
github.com/smartystreets/goconvey v1.8.1 h1:qGjIddxOk4grTu9JPOU31tVfq3cNdBlNa5sSznIX1xY=
github.com/smartystreets/goconvey v1.8.1/go.mod h1:+/u4qLyY6x1jReYOp7GOM2FSt8aP9CzCZL03bI28W60=
github.com/stretchr/testify v1.10.0 h1:Xv5erBjTwe/5IxqUQTdXv5kgmIvbHo3QQyRwhJsOfJA=
github.com/stretchr/testify v1.10.0/go.mod h1:r2ic/lqez/lEtzL7wO/rwa5dbSLXVDPFyf8C91i36aY=
gopkg.in/check.v1 v0.0.0-20161208181325-20d25e280405/go.mod h1:Co6ibVJAznAaIkqp8huTwlJQCZ016jof/cbN4VW5Yz0=
gopkg.in/check.v1 v1.0.0-20180628173108-788fd7840127 h1:qIbj1fsPNlZgppZ+VLlY7N33q108Sa+fhmuc+sWQYwY=
gopkg.in/check.v1 v1.0.0-20180628173108-788fd7840127/go.mod h1:Co6ibVJAznAaIkqp8huTwlJQCZ016jof/cbN4VW5Yz0=
gopkg.in/yaml.v3 v3.0.1 h1:fxVm/GzAzEWqLHuvctI91KS9hhNmmWOoWu0XTYJS7CA=
gopkg.in/yaml.v3 v3.0.1/go.mod h1:K4uyk7z7BCEPqu6E+C64Yfv1cQ7kz7rIZviUmN+EgEM=
