github.com/MobRulesGames/GoLLRB v0.0.0-20121115013357-10dddd6fc70e h1:4XpSQUQZcCSogCXNTsAy8OzVxOoFYWWz6Ab1nixnL9U=
github.com/MobRulesGames/GoLLRB v0.0.0-20121115013357-10dddd6fc70e/go.mod h1:AGsFtjlVF1dLxRwVFDIkAP/vcRiPfD9eNuSWZGJQsAY=
github.com/MobRulesGames/cmwc v0.0.0-20121115013357-3397f2a36e17 h1:WtD+Yc1u0xOjFB7p9wc6ouM8iuuZfhMgMlNM8Nu3Jyw=
github.com/MobRulesGames/cmwc v0.0.0-20121115013357-3397f2a36e17/go.mod h1:HV8R2YPg5OM73tLFlcNb8kQp3PS6kzMunplS1NiHtLc=
github.com/MobRulesGames/fmod v0.0.0-20121207023041-90f897047d59 h1:liMev5j3+XXrPwj4Cw47bHvUFDvwLB7C5AuFv+mR2Io=
github.com/MobRulesGames/fmod v0.0.0-20121207023041-90f897047d59/go.mod h1:6X6o4I+6yNjDUZpbmGIK94Ia6BCrRkxCK/No4CaifWw=
github.com/MobRulesGames/fsnotify v0.0.0-20121110053322-1b2bc1227408 h1:wdcx9XfxtL1WHzALG+Iht+wvWpMT8zH551YykTGIxVg=
github.com/MobRulesGames/fsnotify v0.0.0-20121110053322-1b2bc1227408/go.mod h1:OEDqSJUPW/UJ6q25GvbR9CiCUNEutiy1VyBd2GbsTxY=
github.com/MobRulesGames/gogl v0.0.0-20121117193847-9c2a49443990 h1:rYJQJyUVer+UaF5ssNQ7NAfawUgceQpwNZ2okOt5wLg=
github.com/MobRulesGames/gogl v0.0.0-20121117193847-9c2a49443990/go.mod h1:xRZi8dnJtWwPYz7zKJv7eaDjIOyC+ogIAWSRlCZAxWI=
github.com/MobRulesGames/golua v0.0.0-20120622212636-5a5ec5615e86 h1:dyvn2yZrPZHqdFFy/C9k4KkVw1Y2rRgMq8Qgz1u7wNY=
github.com/MobRulesGames/golua v0.0.0-20120622212636-5a5ec5615e86/go.mod h1:rssLrxruUVO+6SAH+bWvwxJbkDiqrZhIO2v3xKdweII=
github.com/MobRulesGames/mathgl v0.0.0-20120424214601-79bd4ce3042d h1:Rh3yrqrbhJpaxmPYreA73YB5yBl7f9ULUMeZcaHmEag=
github.com/MobRulesGames/mathgl v0.0.0-20120424214601-79bd4ce3042d/go.mod h1:wXL75i6wDmeUURnQnNtW2xpiuPmDzPk2JnpQbm7Esu0=
github.com/MobRulesGames/memory v0.0.0-20120626004817-db5bb35fd894 h1:26ZCnKDg9vNxiOK0VZ/tN2tg34DfrhKB0Xg5jUWkO8A=
github.com/MobRulesGames/memory v0.0.0-20120626004817-db5bb35fd894/go.mod h1:w5jrl1aXV+AZaP1ye7wO8xB3ne7U2CkweE0atB7FPwk=
github.com/MobRulesGames/opengl v0.0.0-20121115013359-5beafb9fb3b3 h1:0Gh/6v/TMLPaho7LjvcYXBX0yFed0AJi5Pscy1p5mvo=
github.com/MobRulesGames/opengl v0.0.0-20121115013359-5beafb9fb3b3/go.mod h1:5lEWNJrwRD33Sb0ScERpH7bkXfd+UUcMtvEcg2p0I9o=
github.com/MobRulesGames/stringz v0.0.0-20121115013359-1e8b7efed92b h1:ppAkvT9GhkhPEVfGjSUwwDUOXNXQjgMJhq1yNhQP7mk=
github.com/MobRulesGames/stringz v0.0.0-20121115013359-1e8b7efed92b/go.mod h1:WeBP2utisYgXqq9MMzjzASVRgutZVCVcS/73p/f0EZc=
github.com/chsc/gogl v0.0.0-20131111203533-c411acc846b6 h1:GHNbGLo1VfjsT+Lf7i1beWEvSHbN/GIi7pzkWAnL2zk=
github.com/chsc/gogl v0.0.0-20131111203533-c411acc846b6/go.mod h1:82yD5XkINXAhjoaZjStP4a8vZSO3c7aAWQS3OJtBg+s=
github.com/golang/freetype v0.0.0-20120725121025-28cc5fbc5d0b h1:Wz3T/RQZq290dBxQ5Iu2Ot5KIyMWkSJWWp2NMvV7OYE=
github.com/golang/freetype v0.0.0-20120725121025-28cc5fbc5d0b/go.mod h1:E/TSTwGwJL78qG/PmXZO1EjYhfJinVAhrmmHX6Z8B9k=
github.com/howeyc/fsnotify v0.9.0 h1:0gtV5JmOKH4A8SsFxG2BczSeXWWPvcMT0euZt5gDAxY=
github.com/howeyc/fsnotify v0.9.0/go.mod h1:41HzSPxBGeFRQKEEwgh49TRw/nKBsYZ2cF1OzPjSJsA=
github.com/orfjackal/gospec v0.0.0-20140731185859-a21081619255 h1:ijtHD/28+EHo0NH8Ev8Y1TGiZdyLKbDaT4Jo9p0IufM=
github.com/orfjackal/gospec v0.0.0-20140731185859-a21081619255/go.mod h1:s9jdgxV9J9CqMIKkedEWkAI6u7WsfJRXokgrzVfK39Q=
github.com/orfjackal/nanospec.go v0.0.0-20120727230329-de4694c1d701 h1:yOXfzNV7qkZ3nf2NPqy4BMzlCmnQzIEbI1vuqKb2FkQ=
github.com/orfjackal/nanospec.go v0.0.0-20120727230329-de4694c1d701/go.mod h1:VtBIF1XX0c1nKkeAPk8i4aXkYopqQgfDqolHUIHPwNI=
github.com/runningwild/glop v0.0.0-20130331194942-bcbcf4982510 h1:c+HQyX/yOHb9U3RqSRAySSSy0Mg9nks97yEJQS/p81c=
github.com/runningwild/glop v0.0.0-20130331194942-bcbcf4982510/go.mod h1:jJ2TSp0nICQiiHM9eJ1tljMbuQp/URBJ5RktU/nGIUk=
github.com/runningwild/memory v0.0.0-20120626004817-db5bb35fd894 h1:/AbPytcVIuyJwvyorTCxKD8bhTE9uMJJ3Ulf4vO0oc4=
github.com/runningwild/memory v0.0.0-20120626004817-db5bb35fd894/go.mod h1:4vpJ5d17O5eEwNBIYIPQeccmFDM2/P/4LBqCtPwTTU4=
github.com/runningwild/opengl v0.0.0-20120403195019-a84b3617440e h1:MEHArdvONb7RduKnWTbaWZqOzABZr9Fona810xRBgxQ=
github.com/runningwild/opengl v0.0.0-20120403195019-a84b3617440e/go.mod h1:tj4EQrChsAl8O5UOmShrcOg0jraTrVFf++0yD75wrJs=
github.com/runningwild/yedparse v0.0.0-20120306014153-f7df1db2f9d9 h1:aSky3KZJsEt7N0/MEJJ8Sz1ytHoSLnxld3G8c2xfQ5Q=
github.com/runningwild/yedparse v0.0.0-20120306014153-f7df1db2f9d9/go.mod h1:45ANiHU8dW6oYKaeXXnhuCYG/vjboJhTYtTmUXC91Z8=
